
Microsoft Visual Studio Solution File, Format Version 12.00
# Visual Studio Version 17
VisualStudioVersion = 17.6.33617.297
MinimumVisualStudioVersion = 10.0.40219.1
Project("{9A19103F-16F7-4668-BE54-9A1E7A4F7556}") = "ZoDream.OpticalCharacterRecognition", "ZoDream.OpticalCharacterRecognition\ZoDream.OpticalCharacterRecognition.csproj", "{4913EDC3-239C-4E1E-BBB1-D7991581310A}"
EndProject
Project("{FAE04EC0-301F-11D3-BF4B-00C04F79EFBC}") = "TextSpot", "TextSpot\TextSpot.csproj", "{875C3AA5-0AEF-442C-9EDC-F7CDF8141E2D}"
EndProject
Project("{9A19103F-16F7-4668-BE54-9A1E7A4F7556}") = "ZoDream.Shared", "..\shared\ZoDream.Shared\ZoDream.Shared.csproj", "{AAB7C162-4243-451A-86D7-E0CB4C43B764}"
EndProject
Project("{9A19103F-16F7-4668-BE54-9A1E7A4F7556}") = "ZoDream.Shared.Controls", "..\shared\ZoDream.Shared.Controls\ZoDream.Shared.Controls.csproj", "{1DD18D8B-A6D8-4C9C-A672-5AAA826EE30F}"
EndProject
Project("{9A19103F-16F7-4668-BE54-9A1E7A4F7556}") = "ZoDream.Tests", "ZoDream.Tests\ZoDream.Tests.csproj", "{9372FD29-5865-499F-B7BA-AF06D1C4C51C}"
EndProject
Global
	GlobalSection(SolutionConfigurationPlatforms) = preSolution
		Debug|Any CPU = Debug|Any CPU
		Debug|x64 = Debug|x64
		Release|Any CPU = Release|Any CPU
		Release|x64 = Release|x64
	EndGlobalSection
	GlobalSection(ProjectConfigurationPlatforms) = postSolution
		{4913EDC3-239C-4E1E-BBB1-D7991581310A}.Debug|Any CPU.ActiveCfg = Debug|Any CPU
		{4913EDC3-239C-4E1E-BBB1-D7991581310A}.Debug|Any CPU.Build.0 = Debug|Any CPU
		{4913EDC3-239C-4E1E-BBB1-D7991581310A}.Debug|x64.ActiveCfg = Debug|x64
		{4913EDC3-239C-4E1E-BBB1-D7991581310A}.Debug|x64.Build.0 = Debug|x64
		{4913EDC3-239C-4E1E-BBB1-D7991581310A}.Release|Any CPU.ActiveCfg = Release|Any CPU
		{4913EDC3-239C-4E1E-BBB1-D7991581310A}.Release|Any CPU.Build.0 = Release|Any CPU
		{4913EDC3-239C-4E1E-BBB1-D7991581310A}.Release|x64.ActiveCfg = Release|x64
		{4913EDC3-239C-4E1E-BBB1-D7991581310A}.Release|x64.Build.0 = Release|x64
		{875C3AA5-0AEF-442C-9EDC-F7CDF8141E2D}.Debug|Any CPU.ActiveCfg = Debug|Any CPU
		{875C3AA5-0AEF-442C-9EDC-F7CDF8141E2D}.Debug|Any CPU.Build.0 = Debug|Any CPU
		{875C3AA5-0AEF-442C-9EDC-F7CDF8141E2D}.Debug|x64.ActiveCfg = Debug|Any CPU
		{875C3AA5-0AEF-442C-9EDC-F7CDF8141E2D}.Debug|x64.Build.0 = Debug|Any CPU
		{875C3AA5-0AEF-442C-9EDC-F7CDF8141E2D}.Release|Any CPU.ActiveCfg = Release|Any CPU
		{875C3AA5-0AEF-442C-9EDC-F7CDF8141E2D}.Release|Any CPU.Build.0 = Release|Any CPU
		{875C3AA5-0AEF-442C-9EDC-F7CDF8141E2D}.Release|x64.ActiveCfg = Release|Any CPU
		{875C3AA5-0AEF-442C-9EDC-F7CDF8141E2D}.Release|x64.Build.0 = Release|Any CPU
		{AAB7C162-4243-451A-86D7-E0CB4C43B764}.Debug|Any CPU.ActiveCfg = Debug|Any CPU
		{AAB7C162-4243-451A-86D7-E0CB4C43B764}.Debug|Any CPU.Build.0 = Debug|Any CPU
		{AAB7C162-4243-451A-86D7-E0CB4C43B764}.Debug|x64.ActiveCfg = Debug|Any CPU
		{AAB7C162-4243-451A-86D7-E0CB4C43B764}.Debug|x64.Build.0 = Debug|Any CPU
		{AAB7C162-4243-451A-86D7-E0CB4C43B764}.Release|Any CPU.ActiveCfg = Release|Any CPU
		{AAB7C162-4243-451A-86D7-E0CB4C43B764}.Release|Any CPU.Build.0 = Release|Any CPU
		{AAB7C162-4243-451A-86D7-E0CB4C43B764}.Release|x64.ActiveCfg = Release|Any CPU
		{AAB7C162-4243-451A-86D7-E0CB4C43B764}.Release|x64.Build.0 = Release|Any CPU
		{1DD18D8B-A6D8-4C9C-A672-5AAA826EE30F}.Debug|Any CPU.ActiveCfg = Debug|Any CPU
		{1DD18D8B-A6D8-4C9C-A672-5AAA826EE30F}.Debug|Any CPU.Build.0 = Debug|Any CPU
		{1DD18D8B-A6D8-4C9C-A672-5AAA826EE30F}.Debug|x64.ActiveCfg = Debug|Any CPU
		{1DD18D8B-A6D8-4C9C-A672-5AAA826EE30F}.Debug|x64.Build.0 = Debug|Any CPU
		{1DD18D8B-A6D8-4C9C-A672-5AAA826EE30F}.Release|Any CPU.ActiveCfg = Release|Any CPU
		{1DD18D8B-A6D8-4C9C-A672-5AAA826EE30F}.Release|Any CPU.Build.0 = Release|Any CPU
		{1DD18D8B-A6D8-4C9C-A672-5AAA826EE30F}.Release|x64.ActiveCfg = Release|Any CPU
		{1DD18D8B-A6D8-4C9C-A672-5AAA826EE30F}.Release|x64.Build.0 = Release|Any CPU
		{9372FD29-5865-499F-B7BA-AF06D1C4C51C}.Debug|Any CPU.ActiveCfg = Debug|Any CPU
		{9372FD29-5865-499F-B7BA-AF06D1C4C51C}.Debug|Any CPU.Build.0 = Debug|Any CPU
		{9372FD29-5865-499F-B7BA-AF06D1C4C51C}.Debug|x64.ActiveCfg = Debug|Any CPU
		{9372FD29-5865-499F-B7BA-AF06D1C4C51C}.Debug|x64.Build.0 = Debug|Any CPU
		{9372FD29-5865-499F-B7BA-AF06D1C4C51C}.Release|Any CPU.ActiveCfg = Release|Any CPU
		{9372FD29-5865-499F-B7BA-AF06D1C4C51C}.Release|Any CPU.Build.0 = Release|Any CPU
		{9372FD29-5865-499F-B7BA-AF06D1C4C51C}.Release|x64.ActiveCfg = Release|Any CPU
		{9372FD29-5865-499F-B7BA-AF06D1C4C51C}.Release|x64.Build.0 = Release|Any CPU
	EndGlobalSection
	GlobalSection(SolutionProperties) = preSolution
		HideSolutionNode = FALSE
	EndGlobalSection
	GlobalSection(ExtensibilityGlobals) = postSolution
		SolutionGuid = {8A278C4A-AF61-44B9-A6EA-D26CD76B5A6A}
	EndGlobalSection
EndGlobal
